
Microsoft Visual Studio Solution File, Format Version 12.00
# Visual Studio Version 17
VisualStudioVersion = 17.11.35327.3
MinimumVisualStudioVersion = 10.0.40219.1
Project("{9A19103F-16F7-4668-BE54-9A1E7A4F7556}") = "L_loans_Class", "L_loans_Class\L_loans_Class.csproj", "{0B455A47-11B9-4D89-9C99-3AC8C8AD0B46}"
EndProject
Project("{9A19103F-16F7-4668-BE54-9A1E7A4F7556}") = "L_loans_Host", "L_loans_Host\L_loans_Host.csproj", "{318EF3F6-1E20-4F42-9C70-E721B2A790A9}"
EndProject
Project("{9A19103F-16F7-4668-BE54-9A1E7A4F7556}") = "L_loans_Interface", "L_loans_Interface\L_loans_Interface.csproj", "{52E33DAA-C0A4-4068-AE1A-F4D49FA00F35}"
EndProject
Global
	GlobalSection(SolutionConfigurationPlatforms) = preSolution
		Debug|Any CPU = Debug|Any CPU
		Release|Any CPU = Release|Any CPU
	EndGlobalSection
	GlobalSection(ProjectConfigurationPlatforms) = postSolution
		{0B455A47-11B9-4D89-9C99-3AC8C8AD0B46}.Debug|Any CPU.ActiveCfg = Debug|Any CPU
		{0B455A47-11B9-4D89-9C99-3AC8C8AD0B46}.Debug|Any CPU.Build.0 = Debug|Any CPU
		{0B455A47-11B9-4D89-9C99-3AC8C8AD0B46}.Release|Any CPU.ActiveCfg = Release|Any CPU
		{0B455A47-11B9-4D89-9C99-3AC8C8AD0B46}.Release|Any CPU.Build.0 = Release|Any CPU
		{318EF3F6-1E20-4F42-9C70-E721B2A790A9}.Debug|Any CPU.ActiveCfg = Debug|Any CPU
		{318EF3F6-1E20-4F42-9C70-E721B2A790A9}.Debug|Any CPU.Build.0 = Debug|Any CPU
		{318EF3F6-1E20-4F42-9C70-E721B2A790A9}.Release|Any CPU.ActiveCfg = Release|Any CPU
		{318EF3F6-1E20-4F42-9C70-E721B2A790A9}.Release|Any CPU.Build.0 = Release|Any CPU
		{52E33DAA-C0A4-4068-AE1A-F4D49FA00F35}.Debug|Any CPU.ActiveCfg = Debug|Any CPU
		{52E33DAA-C0A4-4068-AE1A-F4D49FA00F35}.Debug|Any CPU.Build.0 = Debug|Any CPU
		{52E33DAA-C0A4-4068-AE1A-F4D49FA00F35}.Release|Any CPU.ActiveCfg = Release|Any CPU
		{52E33DAA-C0A4-4068-AE1A-F4D49FA00F35}.Release|Any CPU.Build.0 = Release|Any CPU
	EndGlobalSection
	GlobalSection(SolutionProperties) = preSolution
		HideSolutionNode = FALSE
	EndGlobalSection
	GlobalSection(ExtensibilityGlobals) = postSolution
		SolutionGuid = {A02085DE-9889-462F-90FC-12A8F94DC1D9}
	EndGlobalSection
EndGlobal
